// !$*UTF8*$!
{
	archiveVersion = 1;
	classes = {
	};
	objectVersion = 56;
	objects = {

/* Begin PBXBuildFile section */
		2B6FBA4C8A2E3F9725360C4C /* Pods_InstagramClone_InstagramCloneUITests.framework in Frameworks */ = {isa = PBXBuildFile; fileRef = FAF466DD9F81011D8ABFCA7F /* Pods_InstagramClone_InstagramCloneUITests.framework */; };
		73DD7D842AC4D3B6001CC271 /* AppDelegate.swift in Sources */ = {isa = PBXBuildFile; fileRef = 73DD7D832AC4D3B6001CC271 /* AppDelegate.swift */; };
		73DD7D862AC4D3B6001CC271 /* SceneDelegate.swift in Sources */ = {isa = PBXBuildFile; fileRef = 73DD7D852AC4D3B6001CC271 /* SceneDelegate.swift */; };
		73DD7D882AC4D3B6001CC271 /* ViewController.swift in Sources */ = {isa = PBXBuildFile; fileRef = 73DD7D872AC4D3B6001CC271 /* ViewController.swift */; };
		73DD7D8B2AC4D3B6001CC271 /* Main.storyboard in Resources */ = {isa = PBXBuildFile; fileRef = 73DD7D892AC4D3B6001CC271 /* Main.storyboard */; };
		73DD7D8D2AC4D3B7001CC271 /* Assets.xcassets in Resources */ = {isa = PBXBuildFile; fileRef = 73DD7D8C2AC4D3B7001CC271 /* Assets.xcassets */; };
		73DD7D902AC4D3B7001CC271 /* LaunchScreen.storyboard in Resources */ = {isa = PBXBuildFile; fileRef = 73DD7D8E2AC4D3B7001CC271 /* LaunchScreen.storyboard */; };
		73DD7D9B2AC4D3B7001CC271 /* InstagramCloneTests.swift in Sources */ = {isa = PBXBuildFile; fileRef = 73DD7D9A2AC4D3B7001CC271 /* InstagramCloneTests.swift */; };
		73DD7DA52AC4D3B7001CC271 /* InstagramCloneUITests.swift in Sources */ = {isa = PBXBuildFile; fileRef = 73DD7DA42AC4D3B7001CC271 /* InstagramCloneUITests.swift */; };
		73DD7DA72AC4D3B7001CC271 /* InstagramCloneUITestsLaunchTests.swift in Sources */ = {isa = PBXBuildFile; fileRef = 73DD7DA62AC4D3B7001CC271 /* InstagramCloneUITestsLaunchTests.swift */; };
		9A53731B1C7BF629B763D7A3 /* Pods_InstagramClone.framework in Frameworks */ = {isa = PBXBuildFile; fileRef = 5D6D6B68DE964A92FD562E43 /* Pods_InstagramClone.framework */; };
		B8F51A86480082820A0631C3 /* Pods_InstagramCloneTests.framework in Frameworks */ = {isa = PBXBuildFile; fileRef = 23A440AB4F399228375C7E0E /* Pods_InstagramCloneTests.framework */; };
/* End PBXBuildFile section */

/* Begin PBXContainerItemProxy section */
		73DD7D972AC4D3B7001CC271 /* PBXContainerItemProxy */ = {
			isa = PBXContainerItemProxy;
			containerPortal = 73DD7D782AC4D3B6001CC271 /* Project object */;
			proxyType = 1;
			remoteGlobalIDString = 73DD7D7F2AC4D3B6001CC271;
			remoteInfo = InstagramClone;
		};
		73DD7DA12AC4D3B7001CC271 /* PBXContainerItemProxy */ = {
			isa = PBXContainerItemProxy;
			containerPortal = 73DD7D782AC4D3B6001CC271 /* Project object */;
			proxyType = 1;
			remoteGlobalIDString = 73DD7D7F2AC4D3B6001CC271;
			remoteInfo = InstagramClone;
		};
/* End PBXContainerItemProxy section */

/* Begin PBXFileReference section */
		23A440AB4F399228375C7E0E /* Pods_InstagramCloneTests.framework */ = {isa = PBXFileReference; explicitFileType = wrapper.framework; includeInIndex = 0; path = Pods_InstagramCloneTests.framework; sourceTree = BUILT_PRODUCTS_DIR; };
		3E126BF811E2E4B472BB5A29 /* Pods-InstagramClone.release.xcconfig */ = {isa = PBXFileReference; includeInIndex = 1; lastKnownFileType = text.xcconfig; name = "Pods-InstagramClone.release.xcconfig"; path = "Target Support Files/Pods-InstagramClone/Pods-InstagramClone.release.xcconfig"; sourceTree = "<group>"; };
		5D6D6B68DE964A92FD562E43 /* Pods_InstagramClone.framework */ = {isa = PBXFileReference; explicitFileType = wrapper.framework; includeInIndex = 0; path = Pods_InstagramClone.framework; sourceTree = BUILT_PRODUCTS_DIR; };
		73DD7D802AC4D3B6001CC271 /* InstagramClone.app */ = {isa = PBXFileReference; explicitFileType = wrapper.application; includeInIndex = 0; path = InstagramClone.app; sourceTree = BUILT_PRODUCTS_DIR; };
		73DD7D832AC4D3B6001CC271 /* AppDelegate.swift */ = {isa = PBXFileReference; lastKnownFileType = sourcecode.swift; path = AppDelegate.swift; sourceTree = "<group>"; };
		73DD7D852AC4D3B6001CC271 /* SceneDelegate.swift */ = {isa = PBXFileReference; lastKnownFileType = sourcecode.swift; path = SceneDelegate.swift; sourceTree = "<group>"; };
		73DD7D872AC4D3B6001CC271 /* ViewController.swift */ = {isa = PBXFileReference; lastKnownFileType = sourcecode.swift; path = ViewController.swift; sourceTree = "<group>"; };
		73DD7D8A2AC4D3B6001CC271 /* Base */ = {isa = PBXFileReference; lastKnownFileType = file.storyboard; name = Base; path = Base.lproj/Main.storyboard; sourceTree = "<group>"; };
		73DD7D8C2AC4D3B7001CC271 /* Assets.xcassets */ = {isa = PBXFileReference; lastKnownFileType = folder.assetcatalog; path = Assets.xcassets; sourceTree = "<group>"; };
		73DD7D8F2AC4D3B7001CC271 /* Base */ = {isa = PBXFileReference; lastKnownFileType = file.storyboard; name = Base; path = Base.lproj/LaunchScreen.storyboard; sourceTree = "<group>"; };
		73DD7D912AC4D3B7001CC271 /* Info.plist */ = {isa = PBXFileReference; lastKnownFileType = text.plist.xml; path = Info.plist; sourceTree = "<group>"; };
		73DD7D962AC4D3B7001CC271 /* InstagramCloneTests.xctest */ = {isa = PBXFileReference; explicitFileType = wrapper.cfbundle; includeInIndex = 0; path = InstagramCloneTests.xctest; sourceTree = BUILT_PRODUCTS_DIR; };
		73DD7D9A2AC4D3B7001CC271 /* InstagramCloneTests.swift */ = {isa = PBXFileReference; lastKnownFileType = sourcecode.swift; path = InstagramCloneTests.swift; sourceTree = "<group>"; };
		73DD7DA02AC4D3B7001CC271 /* InstagramCloneUITests.xctest */ = {isa = PBXFileReference; explicitFileType = wrapper.cfbundle; includeInIndex = 0; path = InstagramCloneUITests.xctest; sourceTree = BUILT_PRODUCTS_DIR; };
		73DD7DA42AC4D3B7001CC271 /* InstagramCloneUITests.swift */ = {isa = PBXFileReference; lastKnownFileType = sourcecode.swift; path = InstagramCloneUITests.swift; sourceTree = "<group>"; };
		73DD7DA62AC4D3B7001CC271 /* InstagramCloneUITestsLaunchTests.swift */ = {isa = PBXFileReference; lastKnownFileType = sourcecode.swift; path = InstagramCloneUITestsLaunchTests.swift; sourceTree = "<group>"; };
		91049F020ED119AC10D627EF /* Pods-InstagramCloneTests.release.xcconfig */ = {isa = PBXFileReference; includeInIndex = 1; lastKnownFileType = text.xcconfig; name = "Pods-InstagramCloneTests.release.xcconfig"; path = "Target Support Files/Pods-InstagramCloneTests/Pods-InstagramCloneTests.release.xcconfig"; sourceTree = "<group>"; };
		9FD196A3AF9029C465E4EB75 /* Pods-InstagramClone.debug.xcconfig */ = {isa = PBXFileReference; includeInIndex = 1; lastKnownFileType = text.xcconfig; name = "Pods-InstagramClone.debug.xcconfig"; path = "Target Support Files/Pods-InstagramClone/Pods-InstagramClone.debug.xcconfig"; sourceTree = "<group>"; };
		A2FDD858F4A70FC4742A6380 /* Pods-InstagramCloneTests.debug.xcconfig */ = {isa = PBXFileReference; includeInIndex = 1; lastKnownFileType = text.xcconfig; name = "Pods-InstagramCloneTests.debug.xcconfig"; path = "Target Support Files/Pods-InstagramCloneTests/Pods-InstagramCloneTests.debug.xcconfig"; sourceTree = "<group>"; };
		AEEC2328777898338E551596 /* Pods-InstagramClone-InstagramCloneUITests.release.xcconfig */ = {isa = PBXFileReference; includeInIndex = 1; lastKnownFileType = text.xcconfig; name = "Pods-InstagramClone-InstagramCloneUITests.release.xcconfig"; path = "Target Support Files/Pods-InstagramClone-InstagramCloneUITests/Pods-InstagramClone-InstagramCloneUITests.release.xcconfig"; sourceTree = "<group>"; };
		B67A3C1B858021AD61892784 /* Pods-InstagramClone-InstagramCloneUITests.debug.xcconfig */ = {isa = PBXFileReference; includeInIndex = 1; lastKnownFileType = text.xcconfig; name = "Pods-InstagramClone-InstagramCloneUITests.debug.xcconfig"; path = "Target Support Files/Pods-InstagramClone-InstagramCloneUITests/Pods-InstagramClone-InstagramCloneUITests.debug.xcconfig"; sourceTree = "<group>"; };
		FAF466DD9F81011D8ABFCA7F /* Pods_InstagramClone_InstagramCloneUITests.framework */ = {isa = PBXFileReference; explicitFileType = wrapper.framework; includeInIndex = 0; path = Pods_InstagramClone_InstagramCloneUITests.framework; sourceTree = BUILT_PRODUCTS_DIR; };
/* End PBXFileReference section */

/* Begin PBXFrameworksBuildPhase section */
		73DD7D7D2AC4D3B6001CC271 /* Frameworks */ = {
			isa = PBXFrameworksBuildPhase;
			buildActionMask = 2147483647;
			files = (
				9A53731B1C7BF629B763D7A3 /* Pods_InstagramClone.framework in Frameworks */,
			);
			runOnlyForDeploymentPostprocessing = 0;
		};
		73DD7D932AC4D3B7001CC271 /* Frameworks */ = {
			isa = PBXFrameworksBuildPhase;
			buildActionMask = 2147483647;
			files = (
				B8F51A86480082820A0631C3 /* Pods_InstagramCloneTests.framework in Frameworks */,
			);
			runOnlyForDeploymentPostprocessing = 0;
		};
		73DD7D9D2AC4D3B7001CC271 /* Frameworks */ = {
			isa = PBXFrameworksBuildPhase;
			buildActionMask = 2147483647;
			files = (
				2B6FBA4C8A2E3F9725360C4C /* Pods_InstagramClone_InstagramCloneUITests.framework in Frameworks */,
			);
			runOnlyForDeploymentPostprocessing = 0;
		};
/* End PBXFrameworksBuildPhase section */

/* Begin PBXGroup section */
		73DD7D772AC4D3B6001CC271 = {
			isa = PBXGroup;
			children = (
				73DD7D822AC4D3B6001CC271 /* InstagramClone */,
				73DD7D992AC4D3B7001CC271 /* InstagramCloneTests */,
				73DD7DA32AC4D3B7001CC271 /* InstagramCloneUITests */,
				73DD7D812AC4D3B6001CC271 /* Products */,
				9A532AD24AC784E3F528F22A /* Pods */,
				BF3FD0D0DDBAD3F941459E99 /* Frameworks */,
			);
			sourceTree = "<group>";
		};
		73DD7D812AC4D3B6001CC271 /* Products */ = {
			isa = PBXGroup;
			children = (
				73DD7D802AC4D3B6001CC271 /* InstagramClone.app */,
				73DD7D962AC4D3B7001CC271 /* InstagramCloneTests.xctest */,
				73DD7DA02AC4D3B7001CC271 /* InstagramCloneUITests.xctest */,
			);
			name = Products;
			sourceTree = "<group>";
		};
		73DD7D822AC4D3B6001CC271 /* InstagramClone */ = {
			isa = PBXGroup;
			children = (
				73DD7D832AC4D3B6001CC271 /* AppDelegate.swift */,
				73DD7D852AC4D3B6001CC271 /* SceneDelegate.swift */,
				73DD7D872AC4D3B6001CC271 /* ViewController.swift */,
				73DD7D892AC4D3B6001CC271 /* Main.storyboard */,
				73DD7D8C2AC4D3B7001CC271 /* Assets.xcassets */,
				73DD7D8E2AC4D3B7001CC271 /* LaunchScreen.storyboard */,
				73DD7D912AC4D3B7001CC271 /* Info.plist */,
			);
			path = InstagramClone;
			sourceTree = "<group>";
		};
		73DD7D992AC4D3B7001CC271 /* InstagramCloneTests */ = {
			isa = PBXGroup;
			children = (
				73DD7D9A2AC4D3B7001CC271 /* InstagramCloneTests.swift */,
			);
			path = InstagramCloneTests;
			sourceTree = "<group>";
		};
		73DD7DA32AC4D3B7001CC271 /* InstagramCloneUITests */ = {
			isa = PBXGroup;
			children = (
				73DD7DA42AC4D3B7001CC271 /* InstagramCloneUITests.swift */,
				73DD7DA62AC4D3B7001CC271 /* InstagramCloneUITestsLaunchTests.swift */,
			);
			path = InstagramCloneUITests;
			sourceTree = "<group>";
		};
		9A532AD24AC784E3F528F22A /* Pods */ = {
			isa = PBXGroup;
			children = (
				9FD196A3AF9029C465E4EB75 /* Pods-InstagramClone.debug.xcconfig */,
				3E126BF811E2E4B472BB5A29 /* Pods-InstagramClone.release.xcconfig */,
				B67A3C1B858021AD61892784 /* Pods-InstagramClone-InstagramCloneUITests.debug.xcconfig */,
				AEEC2328777898338E551596 /* Pods-InstagramClone-InstagramCloneUITests.release.xcconfig */,
				A2FDD858F4A70FC4742A6380 /* Pods-InstagramCloneTests.debug.xcconfig */,
				91049F020ED119AC10D627EF /* Pods-InstagramCloneTests.release.xcconfig */,
			);
			name = Pods;
			path = Pods;
			sourceTree = "<group>";
		};
		BF3FD0D0DDBAD3F941459E99 /* Frameworks */ = {
			isa = PBXGroup;
			children = (
				5D6D6B68DE964A92FD562E43 /* Pods_InstagramClone.framework */,
				FAF466DD9F81011D8ABFCA7F /* Pods_InstagramClone_InstagramCloneUITests.framework */,
				23A440AB4F399228375C7E0E /* Pods_InstagramCloneTests.framework */,
			);
			name = Frameworks;
			sourceTree = "<group>";
		};
/* End PBXGroup section */

/* Begin PBXNativeTarget section */
		73DD7D7F2AC4D3B6001CC271 /* InstagramClone */ = {
			isa = PBXNativeTarget;
			buildConfigurationList = 73DD7DAA2AC4D3B7001CC271 /* Build configuration list for PBXNativeTarget "InstagramClone" */;
			buildPhases = (
				284A6F59F74B77FD3BE37FDA /* [CP] Check Pods Manifest.lock */,
				73DD7D7C2AC4D3B6001CC271 /* Sources */,
				73DD7D7D2AC4D3B6001CC271 /* Frameworks */,
				73DD7D7E2AC4D3B6001CC271 /* Resources */,
				428B9EB28B3C07851E17477A /* [CP] Embed Pods Frameworks */,
			);
			buildRules = (
			);
			dependencies = (
			);
			name = InstagramClone;
			productName = InstagramClone;
			productReference = 73DD7D802AC4D3B6001CC271 /* InstagramClone.app */;
			productType = "com.apple.product-type.application";
		};
		73DD7D952AC4D3B7001CC271 /* InstagramCloneTests */ = {
			isa = PBXNativeTarget;
			buildConfigurationList = 73DD7DAD2AC4D3B7001CC271 /* Build configuration list for PBXNativeTarget "InstagramCloneTests" */;
			buildPhases = (
				6E29FCF6A7D11E3F06D49C50 /* [CP] Check Pods Manifest.lock */,
				73DD7D922AC4D3B7001CC271 /* Sources */,
				73DD7D932AC4D3B7001CC271 /* Frameworks */,
				73DD7D942AC4D3B7001CC271 /* Resources */,
			);
			buildRules = (
			);
			dependencies = (
				73DD7D982AC4D3B7001CC271 /* PBXTargetDependency */,
			);
			name = InstagramCloneTests;
			productName = InstagramCloneTests;
			productReference = 73DD7D962AC4D3B7001CC271 /* InstagramCloneTests.xctest */;
			productType = "com.apple.product-type.bundle.unit-test";
		};
		73DD7D9F2AC4D3B7001CC271 /* InstagramCloneUITests */ = {
			isa = PBXNativeTarget;
			buildConfigurationList = 73DD7DB02AC4D3B7001CC271 /* Build configuration list for PBXNativeTarget "InstagramCloneUITests" */;
			buildPhases = (
				BDEECC7E1E1E9F4DB4329C36 /* [CP] Check Pods Manifest.lock */,
				73DD7D9C2AC4D3B7001CC271 /* Sources */,
				73DD7D9D2AC4D3B7001CC271 /* Frameworks */,
				73DD7D9E2AC4D3B7001CC271 /* Resources */,
				B3B65A97F1BC2E1A57141434 /* [CP] Embed Pods Frameworks */,
			);
			buildRules = (
			);
			dependencies = (
				73DD7DA22AC4D3B7001CC271 /* PBXTargetDependency */,
			);
			name = InstagramCloneUITests;
			productName = InstagramCloneUITests;
			productReference = 73DD7DA02AC4D3B7001CC271 /* InstagramCloneUITests.xctest */;
			productType = "com.apple.product-type.bundle.ui-testing";
		};
/* End PBXNativeTarget section */

/* Begin PBXProject section */
		73DD7D782AC4D3B6001CC271 /* Project object */ = {
			isa = PBXProject;
			attributes = {
				BuildIndependentTargetsInParallel = 1;
				LastSwiftUpdateCheck = 1430;
				LastUpgradeCheck = 1430;
				TargetAttributes = {
					73DD7D7F2AC4D3B6001CC271 = {
						CreatedOnToolsVersion = 14.3.1;
					};
					73DD7D952AC4D3B7001CC271 = {
						CreatedOnToolsVersion = 14.3.1;
						TestTargetID = 73DD7D7F2AC4D3B6001CC271;
					};
					73DD7D9F2AC4D3B7001CC271 = {
						CreatedOnToolsVersion = 14.3.1;
						TestTargetID = 73DD7D7F2AC4D3B6001CC271;
					};
				};
			};
			buildConfigurationList = 73DD7D7B2AC4D3B6001CC271 /* Build configuration list for PBXProject "InstagramClone" */;
			compatibilityVersion = "Xcode 14.0";
			developmentRegion = en;
			hasScannedForEncodings = 0;
			knownRegions = (
				en,
				Base,
			);
			mainGroup = 73DD7D772AC4D3B6001CC271;
			productRefGroup = 73DD7D812AC4D3B6001CC271 /* Products */;
			projectDirPath = "";
			projectRoot = "";
			targets = (
				73DD7D7F2AC4D3B6001CC271 /* InstagramClone */,
				73DD7D952AC4D3B7001CC271 /* InstagramCloneTests */,
				73DD7D9F2AC4D3B7001CC271 /* InstagramCloneUITests */,
			);
		};
/* End PBXProject section */

/* Begin PBXResourcesBuildPhase section */
		73DD7D7E2AC4D3B6001CC271 /* Resources */ = {
			isa = PBXResourcesBuildPhase;
			buildActionMask = 2147483647;
			files = (
				73DD7D902AC4D3B7001CC271 /* LaunchScreen.storyboard in Resources */,
				73DD7D8D2AC4D3B7001CC271 /* Assets.xcassets in Resources */,
				73DD7D8B2AC4D3B6001CC271 /* Main.storyboard in Resources */,
			);
			runOnlyForDeploymentPostprocessing = 0;
		};
		73DD7D942AC4D3B7001CC271 /* Resources */ = {
			isa = PBXResourcesBuildPhase;
			buildActionMask = 2147483647;
			files = (
			);
			runOnlyForDeploymentPostprocessing = 0;
		};
		73DD7D9E2AC4D3B7001CC271 /* Resources */ = {
			isa = PBXResourcesBuildPhase;
			buildActionMask = 2147483647;
			files = (
			);
			runOnlyForDeploymentPostprocessing = 0;
		};
/* End PBXResourcesBuildPhase section */

/* Begin PBXShellScriptBuildPhase section */
		284A6F59F74B77FD3BE37FDA /* [CP] Check Pods Manifest.lock */ = {
			isa = PBXShellScriptBuildPhase;
			buildActionMask = 2147483647;
			files = (
			);
			inputFileListPaths = (
			);
			inputPaths = (
				"${PODS_PODFILE_DIR_PATH}/Podfile.lock",
				"${PODS_ROOT}/Manifest.lock",
			);
			name = "[CP] Check Pods Manifest.lock";
			outputFileListPaths = (
			);
			outputPaths = (
				"$(DERIVED_FILE_DIR)/Pods-InstagramClone-checkManifestLockResult.txt",
			);
			runOnlyForDeploymentPostprocessing = 0;
			shellPath = /bin/sh;
			shellScript = "diff \"${PODS_PODFILE_DIR_PATH}/Podfile.lock\" \"${PODS_ROOT}/Manifest.lock\" > /dev/null\nif [ $? != 0 ] ; then\n    # print error to STDERR\n    echo \"error: The sandbox is not in sync with the Podfile.lock. Run 'pod install' or update your CocoaPods installation.\" >&2\n    exit 1\nfi\n# This output is used by Xcode 'outputs' to avoid re-running this script phase.\necho \"SUCCESS\" > \"${SCRIPT_OUTPUT_FILE_0}\"\n";
			showEnvVarsInLog = 0;
		};
		428B9EB28B3C07851E17477A /* [CP] Embed Pods Frameworks */ = {
			isa = PBXShellScriptBuildPhase;
			buildActionMask = 2147483647;
			files = (
			);
			inputFileListPaths = (
				"${PODS_ROOT}/Target Support Files/Pods-InstagramClone/Pods-InstagramClone-frameworks-${CONFIGURATION}-input-files.xcfilelist",
			);
			name = "[CP] Embed Pods Frameworks";
			outputFileListPaths = (
				"${PODS_ROOT}/Target Support Files/Pods-InstagramClone/Pods-InstagramClone-frameworks-${CONFIGURATION}-output-files.xcfilelist",
			);
			runOnlyForDeploymentPostprocessing = 0;
			shellPath = /bin/sh;
			shellScript = "\"${PODS_ROOT}/Target Support Files/Pods-InstagramClone/Pods-InstagramClone-frameworks.sh\"\n";
			showEnvVarsInLog = 0;
		};
		6E29FCF6A7D11E3F06D49C50 /* [CP] Check Pods Manifest.lock */ = {
			isa = PBXShellScriptBuildPhase;
			buildActionMask = 2147483647;
			files = (
			);
			inputFileListPaths = (
			);
			inputPaths = (
				"${PODS_PODFILE_DIR_PATH}/Podfile.lock",
				"${PODS_ROOT}/Manifest.lock",
			);
			name = "[CP] Check Pods Manifest.lock";
			outputFileListPaths = (
			);
			outputPaths = (
				"$(DERIVED_FILE_DIR)/Pods-InstagramCloneTests-checkManifestLockResult.txt",
			);
			runOnlyForDeploymentPostprocessing = 0;
			shellPath = /bin/sh;
			shellScript = "diff \"${PODS_PODFILE_DIR_PATH}/Podfile.lock\" \"${PODS_ROOT}/Manifest.lock\" > /dev/null\nif [ $? != 0 ] ; then\n    # print error to STDERR\n    echo \"error: The sandbox is not in sync with the Podfile.lock. Run 'pod install' or update your CocoaPods installation.\" >&2\n    exit 1\nfi\n# This output is used by Xcode 'outputs' to avoid re-running this script phase.\necho \"SUCCESS\" > \"${SCRIPT_OUTPUT_FILE_0}\"\n";
			showEnvVarsInLog = 0;
		};
		B3B65A97F1BC2E1A57141434 /* [CP] Embed Pods Frameworks */ = {
			isa = PBXShellScriptBuildPhase;
			buildActionMask = 2147483647;
			files = (
			);
			inputFileListPaths = (
				"${PODS_ROOT}/Target Support Files/Pods-InstagramClone-InstagramCloneUITests/Pods-InstagramClone-InstagramCloneUITests-frameworks-${CONFIGURATION}-input-files.xcfilelist",
			);
			name = "[CP] Embed Pods Frameworks";
			outputFileListPaths = (
				"${PODS_ROOT}/Target Support Files/Pods-InstagramClone-InstagramCloneUITests/Pods-InstagramClone-InstagramCloneUITests-frameworks-${CONFIGURATION}-output-files.xcfilelist",
			);
			runOnlyForDeploymentPostprocessing = 0;
			shellPath = /bin/sh;
			shellScript = "\"${PODS_ROOT}/Target Support Files/Pods-InstagramClone-InstagramCloneUITests/Pods-InstagramClone-InstagramCloneUITests-frameworks.sh\"\n";
			showEnvVarsInLog = 0;
		};
		BDEECC7E1E1E9F4DB4329C36 /* [CP] Check Pods Manifest.lock */ = {
			isa = PBXShellScriptBuildPhase;
			buildActionMask = 2147483647;
			files = (
			);
			inputFileListPaths = (
			);
			inputPaths = (
				"${PODS_PODFILE_DIR_PATH}/Podfile.lock",
				"${PODS_ROOT}/Manifest.lock",
			);
			name = "[CP] Check Pods Manifest.lock";
			outputFileListPaths = (
			);
			outputPaths = (
				"$(DERIVED_FILE_DIR)/Pods-InstagramClone-InstagramCloneUITests-checkManifestLockResult.txt",
			);
			runOnlyForDeploymentPostprocessing = 0;
			shellPath = /bin/sh;
			shellScript = "diff \"${PODS_PODFILE_DIR_PATH}/Podfile.lock\" \"${PODS_ROOT}/Manifest.lock\" > /dev/null\nif [ $? != 0 ] ; then\n    # print error to STDERR\n    echo \"error: The sandbox is not in sync with the Podfile.lock. Run 'pod install' or update your CocoaPods installation.\" >&2\n    exit 1\nfi\n# This output is used by Xcode 'outputs' to avoid re-running this script phase.\necho \"SUCCESS\" > \"${SCRIPT_OUTPUT_FILE_0}\"\n";
			showEnvVarsInLog = 0;
		};
/* End PBXShellScriptBuildPhase section */

/* Begin PBXSourcesBuildPhase section */
		73DD7D7C2AC4D3B6001CC271 /* Sources */ = {
			isa = PBXSourcesBuildPhase;
			buildActionMask = 2147483647;
			files = (
				73DD7D882AC4D3B6001CC271 /* ViewController.swift in Sources */,
				73DD7D842AC4D3B6001CC271 /* AppDelegate.swift in Sources */,
				73DD7D862AC4D3B6001CC271 /* SceneDelegate.swift in Sources */,
			);
			runOnlyForDeploymentPostprocessing = 0;
		};
		73DD7D922AC4D3B7001CC271 /* Sources */ = {
			isa = PBXSourcesBuildPhase;
			buildActionMask = 2147483647;
			files = (
				73DD7D9B2AC4D3B7001CC271 /* InstagramCloneTests.swift in Sources */,
			);
			runOnlyForDeploymentPostprocessing = 0;
		};
		73DD7D9C2AC4D3B7001CC271 /* Sources */ = {
			isa = PBXSourcesBuildPhase;
			buildActionMask = 2147483647;
			files = (
				73DD7DA52AC4D3B7001CC271 /* InstagramCloneUITests.swift in Sources */,
				73DD7DA72AC4D3B7001CC271 /* InstagramCloneUITestsLaunchTests.swift in Sources */,
			);
			runOnlyForDeploymentPostprocessing = 0;
		};
/* End PBXSourcesBuildPhase section */

/* Begin PBXTargetDependency section */
		73DD7D982AC4D3B7001CC271 /* PBXTargetDependency */ = {
			isa = PBXTargetDependency;
			target = 73DD7D7F2AC4D3B6001CC271 /* InstagramClone */;
			targetProxy = 73DD7D972AC4D3B7001CC271 /* PBXContainerItemProxy */;
		};
		73DD7DA22AC4D3B7001CC271 /* PBXTargetDependency */ = {
			isa = PBXTargetDependency;
			target = 73DD7D7F2AC4D3B6001CC271 /* InstagramClone */;
			targetProxy = 73DD7DA12AC4D3B7001CC271 /* PBXContainerItemProxy */;
		};
/* End PBXTargetDependency section */

/* Begin PBXVariantGroup section */
		73DD7D892AC4D3B6001CC271 /* Main.storyboard */ = {
			isa = PBXVariantGroup;
			children = (
				73DD7D8A2AC4D3B6001CC271 /* Base */,
			);
			name = Main.storyboard;
			sourceTree = "<group>";
		};
		73DD7D8E2AC4D3B7001CC271 /* LaunchScreen.storyboard */ = {
			isa = PBXVariantGroup;
			children = (
				73DD7D8F2AC4D3B7001CC271 /* Base */,
			);
			name = LaunchScreen.storyboard;
			sourceTree = "<group>";
		};
/* End PBXVariantGroup section */

/* Begin XCBuildConfiguration section */
		73DD7DA82AC4D3B7001CC271 /* Debug */ = {
			isa = XCBuildConfiguration;
			buildSettings = {
				ALWAYS_SEARCH_USER_PATHS = NO;
				CLANG_ANALYZER_NONNULL = YES;
				CLANG_ANALYZER_NUMBER_OBJECT_CONVERSION = YES_AGGRESSIVE;
				CLANG_CXX_LANGUAGE_STANDARD = "gnu++20";
				CLANG_ENABLE_MODULES = YES;
				CLANG_ENABLE_OBJC_ARC = YES;
				CLANG_ENABLE_OBJC_WEAK = YES;
				CLANG_WARN_BLOCK_CAPTURE_AUTORELEASING = YES;
				CLANG_WARN_BOOL_CONVERSION = YES;
				CLANG_WARN_COMMA = YES;
				CLANG_WARN_CONSTANT_CONVERSION = YES;
				CLANG_WARN_DEPRECATED_OBJC_IMPLEMENTATIONS = YES;
				CLANG_WARN_DIRECT_OBJC_ISA_USAGE = YES_ERROR;
				CLANG_WARN_DOCUMENTATION_COMMENTS = YES;
				CLANG_WARN_EMPTY_BODY = YES;
				CLANG_WARN_ENUM_CONVERSION = YES;
				CLANG_WARN_INFINITE_RECURSION = YES;
				CLANG_WARN_INT_CONVERSION = YES;
				CLANG_WARN_NON_LITERAL_NULL_CONVERSION = YES;
				CLANG_WARN_OBJC_IMPLICIT_RETAIN_SELF = YES;
				CLANG_WARN_OBJC_LITERAL_CONVERSION = YES;
				CLANG_WARN_OBJC_ROOT_CLASS = YES_ERROR;
				CLANG_WARN_QUOTED_INCLUDE_IN_FRAMEWORK_HEADER = YES;
				CLANG_WARN_RANGE_LOOP_ANALYSIS = YES;
				CLANG_WARN_STRICT_PROTOTYPES = YES;
				CLANG_WARN_SUSPICIOUS_MOVE = YES;
				CLANG_WARN_UNGUARDED_AVAILABILITY = YES_AGGRESSIVE;
				CLANG_WARN_UNREACHABLE_CODE = YES;
				CLANG_WARN__DUPLICATE_METHOD_MATCH = YES;
				COPY_PHASE_STRIP = NO;
				DEBUG_INFORMATION_FORMAT = dwarf;
				ENABLE_STRICT_OBJC_MSGSEND = YES;
				ENABLE_TESTABILITY = YES;
				GCC_C_LANGUAGE_STANDARD = gnu11;
				GCC_DYNAMIC_NO_PIC = NO;
				GCC_NO_COMMON_BLOCKS = YES;
				GCC_OPTIMIZATION_LEVEL = 0;
				GCC_PREPROCESSOR_DEFINITIONS = (
					"DEBUG=1",
					"$(inherited)",
				);
				GCC_WARN_64_TO_32_BIT_CONVERSION = YES;
				GCC_WARN_ABOUT_RETURN_TYPE = YES_ERROR;
				GCC_WARN_UNDECLARED_SELECTOR = YES;
				GCC_WARN_UNINITIALIZED_AUTOS = YES_AGGRESSIVE;
				GCC_WARN_UNUSED_FUNCTION = YES;
				GCC_WARN_UNUSED_VARIABLE = YES;
				IPHONEOS_DEPLOYMENT_TARGET = 16.4;
				MTL_ENABLE_DEBUG_INFO = INCLUDE_SOURCE;
				MTL_FAST_MATH = YES;
				ONLY_ACTIVE_ARCH = YES;
				SDKROOT = iphoneos;
				SWIFT_ACTIVE_COMPILATION_CONDITIONS = DEBUG;
				SWIFT_OPTIMIZATION_LEVEL = "-Onone";
			};
			name = Debug;
		};
		73DD7DA92AC4D3B7001CC271 /* Release */ = {
			isa = XCBuildConfiguration;
			buildSettings = {
				ALWAYS_SEARCH_USER_PATHS = NO;
				CLANG_ANALYZER_NONNULL = YES;
				CLANG_ANALYZER_NUMBER_OBJECT_CONVERSION = YES_AGGRESSIVE;
				CLANG_CXX_LANGUAGE_STANDARD = "gnu++20";
				CLANG_ENABLE_MODULES = YES;
				CLANG_ENABLE_OBJC_ARC = YES;
				CLANG_ENABLE_OBJC_WEAK = YES;
				CLANG_WARN_BLOCK_CAPTURE_AUTORELEASING = YES;
				CLANG_WARN_BOOL_CONVERSION = YES;
				CLANG_WARN_COMMA = YES;
				CLANG_WARN_CONSTANT_CONVERSION = YES;
				CLANG_WARN_DEPRECATED_OBJC_IMPLEMENTATIONS = YES;
				CLANG_WARN_DIRECT_OBJC_ISA_USAGE = YES_ERROR;
				CLANG_WARN_DOCUMENTATION_COMMENTS = YES;
				CLANG_WARN_EMPTY_BODY = YES;
				CLANG_WARN_ENUM_CONVERSION = YES;
				CLANG_WARN_INFINITE_RECURSION = YES;
				CLANG_WARN_INT_CONVERSION = YES;
				CLANG_WARN_NON_LITERAL_NULL_CONVERSION = YES;
				CLANG_WARN_OBJC_IMPLICIT_RETAIN_SELF = YES;
				CLANG_WARN_OBJC_LITERAL_CONVERSION = YES;
				CLANG_WARN_OBJC_ROOT_CLASS = YES_ERROR;
				CLANG_WARN_QUOTED_INCLUDE_IN_FRAMEWORK_HEADER = YES;
				CLANG_WARN_RANGE_LOOP_ANALYSIS = YES;
				CLANG_WARN_STRICT_PROTOTYPES = YES;
				CLANG_WARN_SUSPICIOUS_MOVE = YES;
				CLANG_WARN_UNGUARDED_AVAILABILITY = YES_AGGRESSIVE;
				CLANG_WARN_UNREACHABLE_CODE = YES;
				CLANG_WARN__DUPLICATE_METHOD_MATCH = YES;
				COPY_PHASE_STRIP = NO;
				DEBUG_INFORMATION_FORMAT = "dwarf-with-dsym";
				ENABLE_NS_ASSERTIONS = NO;
				ENABLE_STRICT_OBJC_MSGSEND = YES;
				GCC_C_LANGUAGE_STANDARD = gnu11;
				GCC_NO_COMMON_BLOCKS = YES;
				GCC_WARN_64_TO_32_BIT_CONVERSION = YES;
				GCC_WARN_ABOUT_RETURN_TYPE = YES_ERROR;
				GCC_WARN_UNDECLARED_SELECTOR = YES;
				GCC_WARN_UNINITIALIZED_AUTOS = YES_AGGRESSIVE;
				GCC_WARN_UNUSED_FUNCTION = YES;
				GCC_WARN_UNUSED_VARIABLE = YES;
				IPHONEOS_DEPLOYMENT_TARGET = 16.4;
				MTL_ENABLE_DEBUG_INFO = NO;
				MTL_FAST_MATH = YES;
				SDKROOT = iphoneos;
				SWIFT_COMPILATION_MODE = wholemodule;
				SWIFT_OPTIMIZATION_LEVEL = "-O";
				VALIDATE_PRODUCT = YES;
			};
			name = Release;
		};
		73DD7DAB2AC4D3B7001CC271 /* Debug */ = {
			isa = XCBuildConfiguration;
			baseConfigurationReference = 9FD196A3AF9029C465E4EB75 /* Pods-InstagramClone.debug.xcconfig */;
			buildSettings = {
				ASSETCATALOG_COMPILER_APPICON_NAME = AppIcon;
				ASSETCATALOG_COMPILER_GLOBAL_ACCENT_COLOR_NAME = AccentColor;
				CODE_SIGN_STYLE = Automatic;
				CURRENT_PROJECT_VERSION = 1;
				GENERATE_INFOPLIST_FILE = YES;
				INFOPLIST_FILE = InstagramClone/Info.plist;
				INFOPLIST_KEY_UIApplicationSupportsIndirectInputEvents = YES;
				INFOPLIST_KEY_UILaunchStoryboardName = LaunchScreen;
				INFOPLIST_KEY_UIMainStoryboardFile = Main;
				INFOPLIST_KEY_UISupportedInterfaceOrientations_iPad = "UIInterfaceOrientationPortrait UIInterfaceOrientationPortraitUpsideDown UIInterfaceOrientationLandscapeLeft UIInterfaceOrientationLandscapeRight";
				INFOPLIST_KEY_UISupportedInterfaceOrientations_iPhone = "UIInterfaceOrientationPortrait UIInterfaceOrientationLandscapeLeft UIInterfaceOrientationLandscapeRight";
				LD_RUNPATH_SEARCH_PATHS = (
					"$(inherited)",
					"@executable_path/Frameworks",
				);
				MARKETING_VERSION = 1.0;
				PRODUCT_BUNDLE_IDENTIFIER = com.begers.InstagramClone;
				PRODUCT_NAME = "$(TARGET_NAME)";
				SWIFT_EMIT_LOC_STRINGS = YES;
				SWIFT_VERSION = 5.0;
				TARGETED_DEVICE_FAMILY = "1,2";
			};
			name = Debug;
		};
		73DD7DAC2AC4D3B7001CC271 /* Release */ = {
			isa = XCBuildConfiguration;
			baseConfigurationReference = 3E126BF811E2E4B472BB5A29 /* Pods-InstagramClone.release.xcconfig */;
			buildSettings = {
				ASSETCATALOG_COMPILER_APPICON_NAME = AppIcon;
				ASSETCATALOG_COMPILER_GLOBAL_ACCENT_COLOR_NAME = AccentColor;
				CODE_SIGN_STYLE = Automatic;
				CURRENT_PROJECT_VERSION = 1;
				GENERATE_INFOPLIST_FILE = YES;
				INFOPLIST_FILE = InstagramClone/Info.plist;
				INFOPLIST_KEY_UIApplicationSupportsIndirectInputEvents = YES;
				INFOPLIST_KEY_UILaunchStoryboardName = LaunchScreen;
				INFOPLIST_KEY_UIMainStoryboardFile = Main;
				INFOPLIST_KEY_UISupportedInterfaceOrientations_iPad = "UIInterfaceOrientationPortrait UIInterfaceOrientationPortraitUpsideDown UIInterfaceOrientationLandscapeLeft UIInterfaceOrientationLandscapeRight";
				INFOPLIST_KEY_UISupportedInterfaceOrientations_iPhone = "UIInterfaceOrientationPortrait UIInterfaceOrientationLandscapeLeft UIInterfaceOrientationLandscapeRight";
				LD_RUNPATH_SEARCH_PATHS = (
					"$(inherited)",
					"@executable_path/Frameworks",
				);
				MARKETING_VERSION = 1.0;
				PRODUCT_BUNDLE_IDENTIFIER = com.begers.InstagramClone;
				PRODUCT_NAME = "$(TARGET_NAME)";
				SWIFT_EMIT_LOC_STRINGS = YES;
				SWIFT_VERSION = 5.0;
				TARGETED_DEVICE_FAMILY = "1,2";
			};
			name = Release;
		};
		73DD7DAE2AC4D3B7001CC271 /* Debug */ = {
			isa = XCBuildConfiguration;
			baseConfigurationReference = A2FDD858F4A70FC4742A6380 /* Pods-InstagramCloneTests.debug.xcconfig */;
			buildSettings = {
				ALWAYS_EMBED_SWIFT_STANDARD_LIBRARIES = YES;
				BUNDLE_LOADER = "$(TEST_HOST)";
				CODE_SIGN_STYLE = Automatic;
				CURRENT_PROJECT_VERSION = 1;
				GENERATE_INFOPLIST_FILE = YES;
				IPHONEOS_DEPLOYMENT_TARGET = 16.4;
				MARKETING_VERSION = 1.0;
				PRODUCT_BUNDLE_IDENTIFIER = com.begers.InstagramCloneTests;
				PRODUCT_NAME = "$(TARGET_NAME)";
				SWIFT_EMIT_LOC_STRINGS = NO;
				SWIFT_VERSION = 5.0;
				TARGETED_DEVICE_FAMILY = "1,2";
				TEST_HOST = "$(BUILT_PRODUCTS_DIR)/InstagramClone.app/$(BUNDLE_EXECUTABLE_FOLDER_PATH)/InstagramClone";
			};
			name = Debug;
		};
		73DD7DAF2AC4D3B7001CC271 /* Release */ = {
			isa = XCBuildConfiguration;
			baseConfigurationReference = 91049F020ED119AC10D627EF /* Pods-InstagramCloneTests.release.xcconfig */;
			buildSettings = {
				ALWAYS_EMBED_SWIFT_STANDARD_LIBRARIES = YES;
				BUNDLE_LOADER = "$(TEST_HOST)";
				CODE_SIGN_STYLE = Automatic;
				CURRENT_PROJECT_VERSION = 1;
				GENERATE_INFOPLIST_FILE = YES;
				IPHONEOS_DEPLOYMENT_TARGET = 16.4;
				MARKETING_VERSION = 1.0;
				PRODUCT_BUNDLE_IDENTIFIER = com.begers.InstagramCloneTests;
				PRODUCT_NAME = "$(TARGET_NAME)";
				SWIFT_EMIT_LOC_STRINGS = NO;
				SWIFT_VERSION = 5.0;
				TARGETED_DEVICE_FAMILY = "1,2";
				TEST_HOST = "$(BUILT_PRODUCTS_DIR)/InstagramClone.app/$(BUNDLE_EXECUTABLE_FOLDER_PATH)/InstagramClone";
			};
			name = Release;
		};
		73DD7DB12AC4D3B7001CC271 /* Debug */ = {
			isa = XCBuildConfiguration;
			baseConfigurationReference = B67A3C1B858021AD61892784 /* Pods-InstagramClone-InstagramCloneUITests.debug.xcconfig */;
			buildSettings = {
				ALWAYS_EMBED_SWIFT_STANDARD_LIBRARIES = YES;
				CODE_SIGN_STYLE = Automatic;
				CURRENT_PROJECT_VERSION = 1;
				GENERATE_INFOPLIST_FILE = YES;
				MARKETING_VERSION = 1.0;
				PRODUCT_BUNDLE_IDENTIFIER = com.begers.InstagramCloneUITests;
				PRODUCT_NAME = "$(TARGET_NAME)";
				SWIFT_EMIT_LOC_STRINGS = NO;
				SWIFT_VERSION = 5.0;
				TARGETED_DEVICE_FAMILY = "1,2";
				TEST_TARGET_NAME = InstagramClone;
			};
			name = Debug;
		};
		73DD7DB22AC4D3B7001CC271 /* Release */ = {
			isa = XCBuildConfiguration;
			baseConfigurationReference = AEEC2328777898338E551596 /* Pods-InstagramClone-InstagramCloneUITests.release.xcconfig */;
			buildSettings = {
				ALWAYS_EMBED_SWIFT_STANDARD_LIBRARIES = YES;
				CODE_SIGN_STYLE = Automatic;
				CURRENT_PROJECT_VERSION = 1;
				GENERATE_INFOPLIST_FILE = YES;
				MARKETING_VERSION = 1.0;
				PRODUCT_BUNDLE_IDENTIFIER = com.begers.InstagramCloneUITests;
				PRODUCT_NAME = "$(TARGET_NAME)";
				SWIFT_EMIT_LOC_STRINGS = NO;
				SWIFT_VERSION = 5.0;
				TARGETED_DEVICE_FAMILY = "1,2";
				TEST_TARGET_NAME = InstagramClone;
			};
			name = Release;
		};
/* End XCBuildConfiguration section */

/* Begin XCConfigurationList section */
		73DD7D7B2AC4D3B6001CC271 /* Build configuration list for PBXProject "InstagramClone" */ = {
			isa = XCConfigurationList;
			buildConfigurations = (
				73DD7DA82AC4D3B7001CC271 /* Debug */,
				73DD7DA92AC4D3B7001CC271 /* Release */,
			);
			defaultConfigurationIsVisible = 0;
			defaultConfigurationName = Release;
		};
		73DD7DAA2AC4D3B7001CC271 /* Build configuration list for PBXNativeTarget "InstagramClone" */ = {
			isa = XCConfigurationList;
			buildConfigurations = (
				73DD7DAB2AC4D3B7001CC271 /* Debug */,
				73DD7DAC2AC4D3B7001CC271 /* Release */,
			);
			defaultConfigurationIsVisible = 0;
			defaultConfigurationName = Release;
		};
		73DD7DAD2AC4D3B7001CC271 /* Build configuration list for PBXNativeTarget "InstagramCloneTests" */ = {
			isa = XCConfigurationList;
			buildConfigurations = (
				73DD7DAE2AC4D3B7001CC271 /* Debug */,
				73DD7DAF2AC4D3B7001CC271 /* Release */,
			);
			defaultConfigurationIsVisible = 0;
			defaultConfigurationName = Release;
		};
		73DD7DB02AC4D3B7001CC271 /* Build configuration list for PBXNativeTarget "InstagramCloneUITests" */ = {
			isa = XCConfigurationList;
			buildConfigurations = (
				73DD7DB12AC4D3B7001CC271 /* Debug */,
				73DD7DB22AC4D3B7001CC271 /* Release */,
			);
			defaultConfigurationIsVisible = 0;
			defaultConfigurationName = Release;
		};
/* End XCConfigurationList section */
	};
	rootObject = 73DD7D782AC4D3B6001CC271 /* Project object */;
}
